
Microsoft Visual Studio Solution File, Format Version 12.00
# Visual Studio Version 16
VisualStudioVersion = 16.0.31702.278
MinimumVisualStudioVersion = 10.0.40219.1
Project("{FAE04EC0-301F-11D3-BF4B-00C04F79EFBC}") = "StraxTemplate", "StraxTemplate\StraxTemplate.csproj", "{F197F630-D93F-4979-9A23-9F6290D4239F}"
EndProject
Global
	GlobalSection(SolutionConfigurationPlatforms) = preSolution
		Debug|Any CPU = Debug|Any CPU
		Release|Any CPU = Release|Any CPU
	EndGlobalSection
	GlobalSection(ProjectConfigurationPlatforms) = postSolution
		{F197F630-D93F-4979-9A23-9F6290D4239F}.Debug|Any CPU.ActiveCfg = Debug|Any CPU
		{F197F630-D93F-4979-9A23-9F6290D4239F}.Debug|Any CPU.Build.0 = Debug|Any CPU
		{F197F630-D93F-4979-9A23-9F6290D4239F}.Release|Any CPU.ActiveCfg = Release|Any CPU
		{F197F630-D93F-4979-9A23-9F6290D4239F}.Release|Any CPU.Build.0 = Release|Any CPU
	EndGlobalSection
	GlobalSection(SolutionProperties) = preSolution
		HideSolutionNode = FALSE
	EndGlobalSection
	GlobalSection(ExtensibilityGlobals) = postSolution
		SolutionGuid = {F229ACA1-7CCC-4B1E-B4D2-92B2E2D44CCD}
	EndGlobalSection
EndGlobal
